
Microsoft Visual Studio Solution File, Format Version 12.00
# Visual Studio Version 17
VisualStudioVersion = 17.0.31903.59
MinimumVisualStudioVersion = 10.0.40219.1
Project("{2150E333-8FDC-42A3-9474-1A3956D46DE8}") = "src", "src", "{827E0CD3-B72D-47B6-A68D-7590B98EB39B}"
EndProject
Project("{FAE04EC0-301F-11D3-BF4B-00C04F79EFBC}") = "Core", "src\Core\Core.csproj", "{2BB4385F-20FF-4937-A3FE-9604C8B74359}"
EndProject
Project("{FAE04EC0-301F-11D3-BF4B-00C04F79EFBC}") = "Infra", "src\Infra\Infra.csproj", "{24DE8E78-0540-4DF9-A57B-36AF5D8D025E}"
EndProject
Project("{FAE04EC0-301F-11D3-BF4B-00C04F79EFBC}") = "Cli", "src\Cli\Cli.csproj", "{212227BB-8598-4776-9D68-54DB401F9F24}"
EndProject
Project("{FAE04EC0-301F-11D3-BF4B-00C04F79EFBC}") = "App", "src\App\App.csproj", "{271D16BE-9F8D-4844-8C17-941FF556EE03}"
EndProject
Project("{FAE04EC0-301F-11D3-BF4B-00C04F79EFBC}") = "Tests.Core", "src\Tests.Core\Tests.Core.csproj", "{8C25AF8A-6560-463F-B157-2D569C27EA16}"
EndProject
Project("{FAE04EC0-301F-11D3-BF4B-00C04F79EFBC}") = "Tests.Infra", "src\Tests.Infra\Tests.Infra.csproj", "{4AA67064-A604-4547-A8CF-04D7EA7A3F65}"
EndProject
Project("{FAE04EC0-301F-11D3-BF4B-00C04F79EFBC}") = "Tests.Cli", "src\Tests.Cli\Tests.Cli.csproj", "{2D7D517D-2DDF-4741-853A-FE8059D7FF94}"
EndProject
Global
	GlobalSection(SolutionConfigurationPlatforms) = preSolution
		Debug|Any CPU = Debug|Any CPU
		Debug|x64 = Debug|x64
		Debug|x86 = Debug|x86
		Release|Any CPU = Release|Any CPU
		Release|x64 = Release|x64
		Release|x86 = Release|x86
	EndGlobalSection
	GlobalSection(ProjectConfigurationPlatforms) = postSolution
		{2BB4385F-20FF-4937-A3FE-9604C8B74359}.Debug|Any CPU.ActiveCfg = Debug|Any CPU
		{2BB4385F-20FF-4937-A3FE-9604C8B74359}.Debug|Any CPU.Build.0 = Debug|Any CPU
		{2BB4385F-20FF-4937-A3FE-9604C8B74359}.Debug|x64.ActiveCfg = Debug|Any CPU
		{2BB4385F-20FF-4937-A3FE-9604C8B74359}.Debug|x64.Build.0 = Debug|Any CPU
		{2BB4385F-20FF-4937-A3FE-9604C8B74359}.Debug|x86.ActiveCfg = Debug|Any CPU
		{2BB4385F-20FF-4937-A3FE-9604C8B74359}.Debug|x86.Build.0 = Debug|Any CPU
		{2BB4385F-20FF-4937-A3FE-9604C8B74359}.Release|Any CPU.ActiveCfg = Release|Any CPU
		{2BB4385F-20FF-4937-A3FE-9604C8B74359}.Release|Any CPU.Build.0 = Release|Any CPU
		{2BB4385F-20FF-4937-A3FE-9604C8B74359}.Release|x64.ActiveCfg = Release|Any CPU
		{2BB4385F-20FF-4937-A3FE-9604C8B74359}.Release|x64.Build.0 = Release|Any CPU
		{2BB4385F-20FF-4937-A3FE-9604C8B74359}.Release|x86.ActiveCfg = Release|Any CPU
		{2BB4385F-20FF-4937-A3FE-9604C8B74359}.Release|x86.Build.0 = Release|Any CPU
		{24DE8E78-0540-4DF9-A57B-36AF5D8D025E}.Debug|Any CPU.ActiveCfg = Debug|Any CPU
		{24DE8E78-0540-4DF9-A57B-36AF5D8D025E}.Debug|Any CPU.Build.0 = Debug|Any CPU
		{24DE8E78-0540-4DF9-A57B-36AF5D8D025E}.Debug|x64.ActiveCfg = Debug|Any CPU
		{24DE8E78-0540-4DF9-A57B-36AF5D8D025E}.Debug|x64.Build.0 = Debug|Any CPU
		{24DE8E78-0540-4DF9-A57B-36AF5D8D025E}.Debug|x86.ActiveCfg = Debug|Any CPU
		{24DE8E78-0540-4DF9-A57B-36AF5D8D025E}.Debug|x86.Build.0 = Debug|Any CPU
		{24DE8E78-0540-4DF9-A57B-36AF5D8D025E}.Release|Any CPU.ActiveCfg = Release|Any CPU
		{24DE8E78-0540-4DF9-A57B-36AF5D8D025E}.Release|Any CPU.Build.0 = Release|Any CPU
		{24DE8E78-0540-4DF9-A57B-36AF5D8D025E}.Release|x64.ActiveCfg = Release|Any CPU
		{24DE8E78-0540-4DF9-A57B-36AF5D8D025E}.Release|x64.Build.0 = Release|Any CPU
		{24DE8E78-0540-4DF9-A57B-36AF5D8D025E}.Release|x86.ActiveCfg = Release|Any CPU
		{24DE8E78-0540-4DF9-A57B-36AF5D8D025E}.Release|x86.Build.0 = Release|Any CPU
		{212227BB-8598-4776-9D68-54DB401F9F24}.Debug|Any CPU.ActiveCfg = Debug|Any CPU
		{212227BB-8598-4776-9D68-54DB401F9F24}.Debug|Any CPU.Build.0 = Debug|Any CPU
		{212227BB-8598-4776-9D68-54DB401F9F24}.Debug|x64.ActiveCfg = Debug|Any CPU
		{212227BB-8598-4776-9D68-54DB401F9F24}.Debug|x64.Build.0 = Debug|Any CPU
		{212227BB-8598-4776-9D68-54DB401F9F24}.Debug|x86.ActiveCfg = Debug|Any CPU
		{212227BB-8598-4776-9D68-54DB401F9F24}.Debug|x86.Build.0 = Debug|Any CPU
		{212227BB-8598-4776-9D68-54DB401F9F24}.Release|Any CPU.ActiveCfg = Release|Any CPU
		{212227BB-8598-4776-9D68-54DB401F9F24}.Release|Any CPU.Build.0 = Release|Any CPU
		{212227BB-8598-4776-9D68-54DB401F9F24}.Release|x64.ActiveCfg = Release|Any CPU
		{212227BB-8598-4776-9D68-54DB401F9F24}.Release|x64.Build.0 = Release|Any CPU
		{212227BB-8598-4776-9D68-54DB401F9F24}.Release|x86.ActiveCfg = Release|Any CPU
		{212227BB-8598-4776-9D68-54DB401F9F24}.Release|x86.Build.0 = Release|Any CPU
		{271D16BE-9F8D-4844-8C17-941FF556EE03}.Debug|Any CPU.ActiveCfg = Debug|Any CPU
		{271D16BE-9F8D-4844-8C17-941FF556EE03}.Debug|Any CPU.Build.0 = Debug|Any CPU
		{271D16BE-9F8D-4844-8C17-941FF556EE03}.Debug|x64.ActiveCfg = Debug|Any CPU
		{271D16BE-9F8D-4844-8C17-941FF556EE03}.Debug|x64.Build.0 = Debug|Any CPU
		{271D16BE-9F8D-4844-8C17-941FF556EE03}.Debug|x86.ActiveCfg = Debug|Any CPU
		{271D16BE-9F8D-4844-8C17-941FF556EE03}.Debug|x86.Build.0 = Debug|Any CPU
		{271D16BE-9F8D-4844-8C17-941FF556EE03}.Release|Any CPU.ActiveCfg = Release|Any CPU
		{271D16BE-9F8D-4844-8C17-941FF556EE03}.Release|Any CPU.Build.0 = Release|Any CPU
		{271D16BE-9F8D-4844-8C17-941FF556EE03}.Release|x64.ActiveCfg = Release|Any CPU
		{271D16BE-9F8D-4844-8C17-941FF556EE03}.Release|x64.Build.0 = Release|Any CPU
		{271D16BE-9F8D-4844-8C17-941FF556EE03}.Release|x86.ActiveCfg = Release|Any CPU
		{271D16BE-9F8D-4844-8C17-941FF556EE03}.Release|x86.Build.0 = Release|Any CPU
		{8C25AF8A-6560-463F-B157-2D569C27EA16}.Debug|Any CPU.ActiveCfg = Debug|Any CPU
		{8C25AF8A-6560-463F-B157-2D569C27EA16}.Debug|Any CPU.Build.0 = Debug|Any CPU
		{8C25AF8A-6560-463F-B157-2D569C27EA16}.Debug|x64.ActiveCfg = Debug|Any CPU
		{8C25AF8A-6560-463F-B157-2D569C27EA16}.Debug|x64.Build.0 = Debug|Any CPU
		{8C25AF8A-6560-463F-B157-2D569C27EA16}.Debug|x86.ActiveCfg = Debug|Any CPU
		{8C25AF8A-6560-463F-B157-2D569C27EA16}.Debug|x86.Build.0 = Debug|Any CPU
		{8C25AF8A-6560-463F-B157-2D569C27EA16}.Release|Any CPU.ActiveCfg = Release|Any CPU
		{8C25AF8A-6560-463F-B157-2D569C27EA16}.Release|Any CPU.Build.0 = Release|Any CPU
		{8C25AF8A-6560-463F-B157-2D569C27EA16}.Release|x64.ActiveCfg = Release|Any CPU
		{8C25AF8A-6560-463F-B157-2D569C27EA16}.Release|x64.Build.0 = Release|Any CPU
		{8C25AF8A-6560-463F-B157-2D569C27EA16}.Release|x86.ActiveCfg = Release|Any CPU
		{8C25AF8A-6560-463F-B157-2D569C27EA16}.Release|x86.Build.0 = Release|Any CPU
		{4AA67064-A604-4547-A8CF-04D7EA7A3F65}.Debug|Any CPU.ActiveCfg = Debug|Any CPU
		{4AA67064-A604-4547-A8CF-04D7EA7A3F65}.Debug|Any CPU.Build.0 = Debug|Any CPU
		{4AA67064-A604-4547-A8CF-04D7EA7A3F65}.Debug|x64.ActiveCfg = Debug|Any CPU
		{4AA67064-A604-4547-A8CF-04D7EA7A3F65}.Debug|x64.Build.0 = Debug|Any CPU
		{4AA67064-A604-4547-A8CF-04D7EA7A3F65}.Debug|x86.ActiveCfg = Debug|Any CPU
		{4AA67064-A604-4547-A8CF-04D7EA7A3F65}.Debug|x86.Build.0 = Debug|Any CPU
		{4AA67064-A604-4547-A8CF-04D7EA7A3F65}.Release|Any CPU.ActiveCfg = Release|Any CPU
		{4AA67064-A604-4547-A8CF-04D7EA7A3F65}.Release|Any CPU.Build.0 = Release|Any CPU
		{4AA67064-A604-4547-A8CF-04D7EA7A3F65}.Release|x64.ActiveCfg = Release|Any CPU
		{4AA67064-A604-4547-A8CF-04D7EA7A3F65}.Release|x64.Build.0 = Release|Any CPU
		{4AA67064-A604-4547-A8CF-04D7EA7A3F65}.Release|x86.ActiveCfg = Release|Any CPU
		{4AA67064-A604-4547-A8CF-04D7EA7A3F65}.Release|x86.Build.0 = Release|Any CPU
		{2D7D517D-2DDF-4741-853A-FE8059D7FF94}.Debug|Any CPU.ActiveCfg = Debug|Any CPU
		{2D7D517D-2DDF-4741-853A-FE8059D7FF94}.Debug|Any CPU.Build.0 = Debug|Any CPU
		{2D7D517D-2DDF-4741-853A-FE8059D7FF94}.Debug|x64.ActiveCfg = Debug|Any CPU
		{2D7D517D-2DDF-4741-853A-FE8059D7FF94}.Debug|x64.Build.0 = Debug|Any CPU
		{2D7D517D-2DDF-4741-853A-FE8059D7FF94}.Debug|x86.ActiveCfg = Debug|Any CPU
		{2D7D517D-2DDF-4741-853A-FE8059D7FF94}.Debug|x86.Build.0 = Debug|Any CPU
		{2D7D517D-2DDF-4741-853A-FE8059D7FF94}.Release|Any CPU.ActiveCfg = Release|Any CPU
		{2D7D517D-2DDF-4741-853A-FE8059D7FF94}.Release|Any CPU.Build.0 = Release|Any CPU
		{2D7D517D-2DDF-4741-853A-FE8059D7FF94}.Release|x64.ActiveCfg = Release|Any CPU
		{2D7D517D-2DDF-4741-853A-FE8059D7FF94}.Release|x64.Build.0 = Release|Any CPU
		{2D7D517D-2DDF-4741-853A-FE8059D7FF94}.Release|x86.ActiveCfg = Release|Any CPU
		{2D7D517D-2DDF-4741-853A-FE8059D7FF94}.Release|x86.Build.0 = Release|Any CPU
	EndGlobalSection
	GlobalSection(SolutionProperties) = preSolution
		HideSolutionNode = FALSE
	EndGlobalSection
	GlobalSection(NestedProjects) = preSolution
		{2BB4385F-20FF-4937-A3FE-9604C8B74359} = {827E0CD3-B72D-47B6-A68D-7590B98EB39B}
		{24DE8E78-0540-4DF9-A57B-36AF5D8D025E} = {827E0CD3-B72D-47B6-A68D-7590B98EB39B}
		{212227BB-8598-4776-9D68-54DB401F9F24} = {827E0CD3-B72D-47B6-A68D-7590B98EB39B}
		{271D16BE-9F8D-4844-8C17-941FF556EE03} = {827E0CD3-B72D-47B6-A68D-7590B98EB39B}
		{8C25AF8A-6560-463F-B157-2D569C27EA16} = {827E0CD3-B72D-47B6-A68D-7590B98EB39B}
		{4AA67064-A604-4547-A8CF-04D7EA7A3F65} = {827E0CD3-B72D-47B6-A68D-7590B98EB39B}
		{2D7D517D-2DDF-4741-853A-FE8059D7FF94} = {827E0CD3-B72D-47B6-A68D-7590B98EB39B}
	EndGlobalSection
EndGlobal
